
Microsoft Visual Studio Solution File, Format Version 12.00
# Visual Studio Version 17
VisualStudioVersion = 17.0.31521.260
MinimumVisualStudioVersion = 10.0.40219.1
Project("{FAE04EC0-301F-11D3-BF4B-00C04F79EFBC}") = "Flappy Bird", "Flappy Bird\Flappy Bird.csproj", "{E39CD509-80E8-497D-B017-4BD19AF36EB4}"
EndProject
Global
	GlobalSection(SolutionConfigurationPlatforms) = preSolution
		Debug|Any CPU = Debug|Any CPU
		Release|Any CPU = Release|Any CPU
	EndGlobalSection
	GlobalSection(ProjectConfigurationPlatforms) = postSolution
		{E39CD509-80E8-497D-B017-4BD19AF36EB4}.Debug|Any CPU.ActiveCfg = Debug|Any CPU
		{E39CD509-80E8-497D-B017-4BD19AF36EB4}.Debug|Any CPU.Build.0 = Debug|Any CPU
		{E39CD509-80E8-497D-B017-4BD19AF36EB4}.Release|Any CPU.ActiveCfg = Release|Any CPU
		{E39CD509-80E8-497D-B017-4BD19AF36EB4}.Release|Any CPU.Build.0 = Release|Any CPU
	EndGlobalSection
	GlobalSection(SolutionProperties) = preSolution
		HideSolutionNode = FALSE
	EndGlobalSection
	GlobalSection(ExtensibilityGlobals) = postSolution
		SolutionGuid = {2816E238-0DEF-4D07-B2B4-3D9F65EA21F0}
	EndGlobalSection
EndGlobal
